
Microsoft Visual Studio Solution File, Format Version 12.00
# Visual Studio Version 17
VisualStudioVersion = 17.10.35013.160
MinimumVisualStudioVersion = 10.0.40219.1
Project("{FAE04EC0-301F-11D3-BF4B-00C04F79EFBC}") = "WordTemplateProcessor", "WordTemplateProcessor\WordTemplateProcessor.csproj", "{FF9B4109-845F-4B17-A847-CDA8A3E8941D}"
EndProject
Global
	GlobalSection(SolutionConfigurationPlatforms) = preSolution
		Debug|Any CPU = Debug|Any CPU
		Release|Any CPU = Release|Any CPU
	EndGlobalSection
	GlobalSection(ProjectConfigurationPlatforms) = postSolution
		{FF9B4109-845F-4B17-A847-CDA8A3E8941D}.Debug|Any CPU.ActiveCfg = Debug|Any CPU
		{FF9B4109-845F-4B17-A847-CDA8A3E8941D}.Debug|Any CPU.Build.0 = Debug|Any CPU
		{FF9B4109-845F-4B17-A847-CDA8A3E8941D}.Release|Any CPU.ActiveCfg = Release|Any CPU
		{FF9B4109-845F-4B17-A847-CDA8A3E8941D}.Release|Any CPU.Build.0 = Release|Any CPU
	EndGlobalSection
	GlobalSection(SolutionProperties) = preSolution
		HideSolutionNode = FALSE
	EndGlobalSection
	GlobalSection(ExtensibilityGlobals) = postSolution
		SolutionGuid = {6DC43476-D09E-4EA3-A5B4-90904E35C20C}
	EndGlobalSection
EndGlobal
